// !$*UTF8*$!
{
	archiveVersion = 1;
	classes = {
	};
	objectVersion = 55;
	objects = {

/* Begin PBXBuildFile section */
		18A4565F29155260005FFF2C /* UIKadai1chayamadaApp.swift in Sources */ = {isa = PBXBuildFile; fileRef = 18A4565E29155260005FFF2C /* UIKadai1chayamadaApp.swift */; };
		18A4566129155260005FFF2C /* ContentView.swift in Sources */ = {isa = PBXBuildFile; fileRef = 18A4566029155260005FFF2C /* ContentView.swift */; };
		18A4566329155261005FFF2C /* Assets.xcassets in Resources */ = {isa = PBXBuildFile; fileRef = 18A4566229155261005FFF2C /* Assets.xcassets */; };
		18A4566629155261005FFF2C /* Preview Assets.xcassets in Resources */ = {isa = PBXBuildFile; fileRef = 18A4566529155261005FFF2C /* Preview Assets.xcassets */; };
		18A4567029155261005FFF2C /* UIKadai1chayamadaTests.swift in Sources */ = {isa = PBXBuildFile; fileRef = 18A4566F29155261005FFF2C /* UIKadai1chayamadaTests.swift */; };
		18A4567A29155261005FFF2C /* UIKadai1chayamadaUITests.swift in Sources */ = {isa = PBXBuildFile; fileRef = 18A4567929155261005FFF2C /* UIKadai1chayamadaUITests.swift */; };
		18A4567C29155261005FFF2C /* UIKadai1chayamadaUITestsLaunchTests.swift in Sources */ = {isa = PBXBuildFile; fileRef = 18A4567B29155261005FFF2C /* UIKadai1chayamadaUITestsLaunchTests.swift */; };
		18A45689291564AB005FFF2C /* SwiftUIView.swift in Sources */ = {isa = PBXBuildFile; fileRef = 18A45688291564AB005FFF2C /* SwiftUIView.swift */; };
/* End PBXBuildFile section */

/* Begin PBXContainerItemProxy section */
		18A4566C29155261005FFF2C /* PBXContainerItemProxy */ = {
			isa = PBXContainerItemProxy;
			containerPortal = 18A4565329155260005FFF2C /* Project object */;
			proxyType = 1;
			remoteGlobalIDString = 18A4565A29155260005FFF2C;
			remoteInfo = UIKadai1chayamada;
		};
		18A4567629155261005FFF2C /* PBXContainerItemProxy */ = {
			isa = PBXContainerItemProxy;
			containerPortal = 18A4565329155260005FFF2C /* Project object */;
			proxyType = 1;
			remoteGlobalIDString = 18A4565A29155260005FFF2C;
			remoteInfo = UIKadai1chayamada;
		};
/* End PBXContainerItemProxy section */

/* Begin PBXFileReference section */
		18A4565B29155260005FFF2C /* UIKadai1chayamada.app */ = {isa = PBXFileReference; explicitFileType = wrapper.application; includeInIndex = 0; path = UIKadai1chayamada.app; sourceTree = BUILT_PRODUCTS_DIR; };
		18A4565E29155260005FFF2C /* UIKadai1chayamadaApp.swift */ = {isa = PBXFileReference; lastKnownFileType = sourcecode.swift; path = UIKadai1chayamadaApp.swift; sourceTree = "<group>"; };
		18A4566029155260005FFF2C /* ContentView.swift */ = {isa = PBXFileReference; lastKnownFileType = sourcecode.swift; path = ContentView.swift; sourceTree = "<group>"; };
		18A4566229155261005FFF2C /* Assets.xcassets */ = {isa = PBXFileReference; lastKnownFileType = folder.assetcatalog; path = Assets.xcassets; sourceTree = "<group>"; };
		18A4566529155261005FFF2C /* Preview Assets.xcassets */ = {isa = PBXFileReference; lastKnownFileType = folder.assetcatalog; path = "Preview Assets.xcassets"; sourceTree = "<group>"; };
		18A4566B29155261005FFF2C /* UIKadai1chayamadaTests.xctest */ = {isa = PBXFileReference; explicitFileType = wrapper.cfbundle; includeInIndex = 0; path = UIKadai1chayamadaTests.xctest; sourceTree = BUILT_PRODUCTS_DIR; };
		18A4566F29155261005FFF2C /* UIKadai1chayamadaTests.swift */ = {isa = PBXFileReference; lastKnownFileType = sourcecode.swift; path = UIKadai1chayamadaTests.swift; sourceTree = "<group>"; };
		18A4567529155261005FFF2C /* UIKadai1chayamadaUITests.xctest */ = {isa = PBXFileReference; explicitFileType = wrapper.cfbundle; includeInIndex = 0; path = UIKadai1chayamadaUITests.xctest; sourceTree = BUILT_PRODUCTS_DIR; };
		18A4567929155261005FFF2C /* UIKadai1chayamadaUITests.swift */ = {isa = PBXFileReference; lastKnownFileType = sourcecode.swift; path = UIKadai1chayamadaUITests.swift; sourceTree = "<group>"; };
		18A4567B29155261005FFF2C /* UIKadai1chayamadaUITestsLaunchTests.swift */ = {isa = PBXFileReference; lastKnownFileType = sourcecode.swift; path = UIKadai1chayamadaUITestsLaunchTests.swift; sourceTree = "<group>"; };
		18A45688291564AB005FFF2C /* SwiftUIView.swift */ = {isa = PBXFileReference; lastKnownFileType = sourcecode.swift; path = SwiftUIView.swift; sourceTree = "<group>"; };
/* End PBXFileReference section */

/* Begin PBXFrameworksBuildPhase section */
		18A4565829155260005FFF2C /* Frameworks */ = {
			isa = PBXFrameworksBuildPhase;
			buildActionMask = 2147483647;
			files = (
			);
			runOnlyForDeploymentPostprocessing = 0;
		};
		18A4566829155261005FFF2C /* Frameworks */ = {
			isa = PBXFrameworksBuildPhase;
			buildActionMask = 2147483647;
			files = (
			);
			runOnlyForDeploymentPostprocessing = 0;
		};
		18A4567229155261005FFF2C /* Frameworks */ = {
			isa = PBXFrameworksBuildPhase;
			buildActionMask = 2147483647;
			files = (
			);
			runOnlyForDeploymentPostprocessing = 0;
		};
/* End PBXFrameworksBuildPhase section */

/* Begin PBXGroup section */
		18A4565229155260005FFF2C = {
			isa = PBXGroup;
			children = (
				18A4565D29155260005FFF2C /* UIKadai1chayamada */,
				18A4566E29155261005FFF2C /* UIKadai1chayamadaTests */,
				18A4567829155261005FFF2C /* UIKadai1chayamadaUITests */,
				18A4565C29155260005FFF2C /* Products */,
			);
			sourceTree = "<group>";
		};
		18A4565C29155260005FFF2C /* Products */ = {
			isa = PBXGroup;
			children = (
				18A4565B29155260005FFF2C /* UIKadai1chayamada.app */,
				18A4566B29155261005FFF2C /* UIKadai1chayamadaTests.xctest */,
				18A4567529155261005FFF2C /* UIKadai1chayamadaUITests.xctest */,
			);
			name = Products;
			sourceTree = "<group>";
		};
		18A4565D29155260005FFF2C /* UIKadai1chayamada */ = {
			isa = PBXGroup;
			children = (
				18A4565E29155260005FFF2C /* UIKadai1chayamadaApp.swift */,
				18A4566029155260005FFF2C /* ContentView.swift */,
				18A45688291564AB005FFF2C /* SwiftUIView.swift */,
				18A4566229155261005FFF2C /* Assets.xcassets */,
				18A4566429155261005FFF2C /* Preview Content */,
			);
			path = UIKadai1chayamada;
			sourceTree = "<group>";
		};
		18A4566429155261005FFF2C /* Preview Content */ = {
			isa = PBXGroup;
			children = (
				18A4566529155261005FFF2C /* Preview Assets.xcassets */,
			);
			path = "Preview Content";
			sourceTree = "<group>";
		};
		18A4566E29155261005FFF2C /* UIKadai1chayamadaTests */ = {
			isa = PBXGroup;
			children = (
				18A4566F29155261005FFF2C /* UIKadai1chayamadaTests.swift */,
			);
			path = UIKadai1chayamadaTests;
			sourceTree = "<group>";
		};
		18A4567829155261005FFF2C /* UIKadai1chayamadaUITests */ = {
			isa = PBXGroup;
			children = (
				18A4567929155261005FFF2C /* UIKadai1chayamadaUITests.swift */,
				18A4567B29155261005FFF2C /* UIKadai1chayamadaUITestsLaunchTests.swift */,
			);
			path = UIKadai1chayamadaUITests;
			sourceTree = "<group>";
		};
/* End PBXGroup section */

/* Begin PBXNativeTarget section */
		18A4565A29155260005FFF2C /* UIKadai1chayamada */ = {
			isa = PBXNativeTarget;
			buildConfigurationList = 18A4567F29155261005FFF2C /* Build configuration list for PBXNativeTarget "UIKadai1chayamada" */;
			buildPhases = (
				18A4565729155260005FFF2C /* Sources */,
				18A4565829155260005FFF2C /* Frameworks */,
				18A4565929155260005FFF2C /* Resources */,
			);
			buildRules = (
			);
			dependencies = (
			);
			name = UIKadai1chayamada;
			productName = UIKadai1chayamada;
			productReference = 18A4565B29155260005FFF2C /* UIKadai1chayamada.app */;
			productType = "com.apple.product-type.application";
		};
		18A4566A29155261005FFF2C /* UIKadai1chayamadaTests */ = {
			isa = PBXNativeTarget;
			buildConfigurationList = 18A4568229155261005FFF2C /* Build configuration list for PBXNativeTarget "UIKadai1chayamadaTests" */;
			buildPhases = (
				18A4566729155261005FFF2C /* Sources */,
				18A4566829155261005FFF2C /* Frameworks */,
				18A4566929155261005FFF2C /* Resources */,
			);
			buildRules = (
			);
			dependencies = (
				18A4566D29155261005FFF2C /* PBXTargetDependency */,
			);
			name = UIKadai1chayamadaTests;
			productName = UIKadai1chayamadaTests;
			productReference = 18A4566B29155261005FFF2C /* UIKadai1chayamadaTests.xctest */;
			productType = "com.apple.product-type.bundle.unit-test";
		};
		18A4567429155261005FFF2C /* UIKadai1chayamadaUITests */ = {
			isa = PBXNativeTarget;
			buildConfigurationList = 18A4568529155261005FFF2C /* Build configuration list for PBXNativeTarget "UIKadai1chayamadaUITests" */;
			buildPhases = (
				18A4567129155261005FFF2C /* Sources */,
				18A4567229155261005FFF2C /* Frameworks */,
				18A4567329155261005FFF2C /* Resources */,
			);
			buildRules = (
			);
			dependencies = (
				18A4567729155261005FFF2C /* PBXTargetDependency */,
			);
			name = UIKadai1chayamadaUITests;
			productName = UIKadai1chayamadaUITests;
			productReference = 18A4567529155261005FFF2C /* UIKadai1chayamadaUITests.xctest */;
			productType = "com.apple.product-type.bundle.ui-testing";
		};
/* End PBXNativeTarget section */

/* Begin PBXProject section */
		18A4565329155260005FFF2C /* Project object */ = {
			isa = PBXProject;
			attributes = {
				BuildIndependentTargetsInParallel = 1;
				LastSwiftUpdateCheck = 1320;
				LastUpgradeCheck = 1320;
				TargetAttributes = {
					18A4565A29155260005FFF2C = {
						CreatedOnToolsVersion = 13.2.1;
					};
					18A4566A29155261005FFF2C = {
						CreatedOnToolsVersion = 13.2.1;
						TestTargetID = 18A4565A29155260005FFF2C;
					};
					18A4567429155261005FFF2C = {
						CreatedOnToolsVersion = 13.2.1;
						TestTargetID = 18A4565A29155260005FFF2C;
					};
				};
			};
			buildConfigurationList = 18A4565629155260005FFF2C /* Build configuration list for PBXProject "UIKadai1chayamada" */;
			compatibilityVersion = "Xcode 13.0";
			developmentRegion = en;
			hasScannedForEncodings = 0;
			knownRegions = (
				en,
				Base,
			);
			mainGroup = 18A4565229155260005FFF2C;
			productRefGroup = 18A4565C29155260005FFF2C /* Products */;
			projectDirPath = "";
			projectRoot = "";
			targets = (
				18A4565A29155260005FFF2C /* UIKadai1chayamada */,
				18A4566A29155261005FFF2C /* UIKadai1chayamadaTests */,
				18A4567429155261005FFF2C /* UIKadai1chayamadaUITests */,
			);
		};
/* End PBXProject section */

/* Begin PBXResourcesBuildPhase section */
		18A4565929155260005FFF2C /* Resources */ = {
			isa = PBXResourcesBuildPhase;
			buildActionMask = 2147483647;
			files = (
				18A4566629155261005FFF2C /* Preview Assets.xcassets in Resources */,
				18A4566329155261005FFF2C /* Assets.xcassets in Resources */,
			);
			runOnlyForDeploymentPostprocessing = 0;
		};
		18A4566929155261005FFF2C /* Resources */ = {
			isa = PBXResourcesBuildPhase;
			buildActionMask = 2147483647;
			files = (
			);
			runOnlyForDeploymentPostprocessing = 0;
		};
		18A4567329155261005FFF2C /* Resources */ = {
			isa = PBXResourcesBuildPhase;
			buildActionMask = 2147483647;
			files = (
			);
			runOnlyForDeploymentPostprocessing = 0;
		};
/* End PBXResourcesBuildPhase section */

/* Begin PBXSourcesBuildPhase section */
		18A4565729155260005FFF2C /* Sources */ = {
			isa = PBXSourcesBuildPhase;
			buildActionMask = 2147483647;
			files = (
				18A4566129155260005FFF2C /* ContentView.swift in Sources */,
				18A4565F29155260005FFF2C /* UIKadai1chayamadaApp.swift in Sources */,
				18A45689291564AB005FFF2C /* SwiftUIView.swift in Sources */,
			);
			runOnlyForDeploymentPostprocessing = 0;
		};
		18A4566729155261005FFF2C /* Sources */ = {
			isa = PBXSourcesBuildPhase;
			buildActionMask = 2147483647;
			files = (
				18A4567029155261005FFF2C /* UIKadai1chayamadaTests.swift in Sources */,
			);
			runOnlyForDeploymentPostprocessing = 0;
		};
		18A4567129155261005FFF2C /* Sources */ = {
			isa = PBXSourcesBuildPhase;
			buildActionMask = 2147483647;
			files = (
				18A4567A29155261005FFF2C /* UIKadai1chayamadaUITests.swift in Sources */,
				18A4567C29155261005FFF2C /* UIKadai1chayamadaUITestsLaunchTests.swift in Sources */,
			);
			runOnlyForDeploymentPostprocessing = 0;
		};
/* End PBXSourcesBuildPhase section */

/* Begin PBXTargetDependency section */
		18A4566D29155261005FFF2C /* PBXTargetDependency */ = {
			isa = PBXTargetDependency;
			target = 18A4565A29155260005FFF2C /* UIKadai1chayamada */;
			targetProxy = 18A4566C29155261005FFF2C /* PBXContainerItemProxy */;
		};
		18A4567729155261005FFF2C /* PBXTargetDependency */ = {
			isa = PBXTargetDependency;
			target = 18A4565A29155260005FFF2C /* UIKadai1chayamada */;
			targetProxy = 18A4567629155261005FFF2C /* PBXContainerItemProxy */;
		};
/* End PBXTargetDependency section */

/* Begin XCBuildConfiguration section */
		18A4567D29155261005FFF2C /* Debug */ = {
			isa = XCBuildConfiguration;
			buildSettings = {
				ALWAYS_SEARCH_USER_PATHS = NO;
				CLANG_ANALYZER_NONNULL = YES;
				CLANG_ANALYZER_NUMBER_OBJECT_CONVERSION = YES_AGGRESSIVE;
				CLANG_CXX_LANGUAGE_STANDARD = "gnu++17";
				CLANG_CXX_LIBRARY = "libc++";
				CLANG_ENABLE_MODULES = YES;
				CLANG_ENABLE_OBJC_ARC = YES;
				CLANG_ENABLE_OBJC_WEAK = YES;
				CLANG_WARN_BLOCK_CAPTURE_AUTORELEASING = YES;
				CLANG_WARN_BOOL_CONVERSION = YES;
				CLANG_WARN_COMMA = YES;
				CLANG_WARN_CONSTANT_CONVERSION = YES;
				CLANG_WARN_DEPRECATED_OBJC_IMPLEMENTATIONS = YES;
				CLANG_WARN_DIRECT_OBJC_ISA_USAGE = YES_ERROR;
				CLANG_WARN_DOCUMENTATION_COMMENTS = YES;
				CLANG_WARN_EMPTY_BODY = YES;
				CLANG_WARN_ENUM_CONVERSION = YES;
				CLANG_WARN_INFINITE_RECURSION = YES;
				CLANG_WARN_INT_CONVERSION = YES;
				CLANG_WARN_NON_LITERAL_NULL_CONVERSION = YES;
				CLANG_WARN_OBJC_IMPLICIT_RETAIN_SELF = YES;
				CLANG_WARN_OBJC_LITERAL_CONVERSION = YES;
				CLANG_WARN_OBJC_ROOT_CLASS = YES_ERROR;
				CLANG_WARN_QUOTED_INCLUDE_IN_FRAMEWORK_HEADER = YES;
				CLANG_WARN_RANGE_LOOP_ANALYSIS = YES;
				CLANG_WARN_STRICT_PROTOTYPES = YES;
				CLANG_WARN_SUSPICIOUS_MOVE = YES;
				CLANG_WARN_UNGUARDED_AVAILABILITY = YES_AGGRESSIVE;
				CLANG_WARN_UNREACHABLE_CODE = YES;
				CLANG_WARN__DUPLICATE_METHOD_MATCH = YES;
				COPY_PHASE_STRIP = NO;
				DEBUG_INFORMATION_FORMAT = dwarf;
				ENABLE_STRICT_OBJC_MSGSEND = YES;
				ENABLE_TESTABILITY = YES;
				GCC_C_LANGUAGE_STANDARD = gnu11;
				GCC_DYNAMIC_NO_PIC = NO;
				GCC_NO_COMMON_BLOCKS = YES;
				GCC_OPTIMIZATION_LEVEL = 0;
				GCC_PREPROCESSOR_DEFINITIONS = (
					"DEBUG=1",
					"$(inherited)",
				);
				GCC_WARN_64_TO_32_BIT_CONVERSION = YES;
				GCC_WARN_ABOUT_RETURN_TYPE = YES_ERROR;
				GCC_WARN_UNDECLARED_SELECTOR = YES;
				GCC_WARN_UNINITIALIZED_AUTOS = YES_AGGRESSIVE;
				GCC_WARN_UNUSED_FUNCTION = YES;
				GCC_WARN_UNUSED_VARIABLE = YES;
				IPHONEOS_DEPLOYMENT_TARGET = 15.2;
				MTL_ENABLE_DEBUG_INFO = INCLUDE_SOURCE;
				MTL_FAST_MATH = YES;
				ONLY_ACTIVE_ARCH = YES;
				SDKROOT = iphoneos;
				SWIFT_ACTIVE_COMPILATION_CONDITIONS = DEBUG;
				SWIFT_OPTIMIZATION_LEVEL = "-Onone";
			};
			name = Debug;
		};
		18A4567E29155261005FFF2C /* Release */ = {
			isa = XCBuildConfiguration;
			buildSettings = {
				ALWAYS_SEARCH_USER_PATHS = NO;
				CLANG_ANALYZER_NONNULL = YES;
				CLANG_ANALYZER_NUMBER_OBJECT_CONVERSION = YES_AGGRESSIVE;
				CLANG_CXX_LANGUAGE_STANDARD = "gnu++17";
				CLANG_CXX_LIBRARY = "libc++";
				CLANG_ENABLE_MODULES = YES;
				CLANG_ENABLE_OBJC_ARC = YES;
				CLANG_ENABLE_OBJC_WEAK = YES;
				CLANG_WARN_BLOCK_CAPTURE_AUTORELEASING = YES;
				CLANG_WARN_BOOL_CONVERSION = YES;
				CLANG_WARN_COMMA = YES;
				CLANG_WARN_CONSTANT_CONVERSION = YES;
				CLANG_WARN_DEPRECATED_OBJC_IMPLEMENTATIONS = YES;
				CLANG_WARN_DIRECT_OBJC_ISA_USAGE = YES_ERROR;
				CLANG_WARN_DOCUMENTATION_COMMENTS = YES;
				CLANG_WARN_EMPTY_BODY = YES;
				CLANG_WARN_ENUM_CONVERSION = YES;
				CLANG_WARN_INFINITE_RECURSION = YES;
				CLANG_WARN_INT_CONVERSION = YES;
				CLANG_WARN_NON_LITERAL_NULL_CONVERSION = YES;
				CLANG_WARN_OBJC_IMPLICIT_RETAIN_SELF = YES;
				CLANG_WARN_OBJC_LITERAL_CONVERSION = YES;
				CLANG_WARN_OBJC_ROOT_CLASS = YES_ERROR;
				CLANG_WARN_QUOTED_INCLUDE_IN_FRAMEWORK_HEADER = YES;
				CLANG_WARN_RANGE_LOOP_ANALYSIS = YES;
				CLANG_WARN_STRICT_PROTOTYPES = YES;
				CLANG_WARN_SUSPICIOUS_MOVE = YES;
				CLANG_WARN_UNGUARDED_AVAILABILITY = YES_AGGRESSIVE;
				CLANG_WARN_UNREACHABLE_CODE = YES;
				CLANG_WARN__DUPLICATE_METHOD_MATCH = YES;
				COPY_PHASE_STRIP = NO;
				DEBUG_INFORMATION_FORMAT = "dwarf-with-dsym";
				ENABLE_NS_ASSERTIONS = NO;
				ENABLE_STRICT_OBJC_MSGSEND = YES;
				GCC_C_LANGUAGE_STANDARD = gnu11;
				GCC_NO_COMMON_BLOCKS = YES;
				GCC_WARN_64_TO_32_BIT_CONVERSION = YES;
				GCC_WARN_ABOUT_RETURN_TYPE = YES_ERROR;
				GCC_WARN_UNDECLARED_SELECTOR = YES;
				GCC_WARN_UNINITIALIZED_AUTOS = YES_AGGRESSIVE;
				GCC_WARN_UNUSED_FUNCTION = YES;
				GCC_WARN_UNUSED_VARIABLE = YES;
				IPHONEOS_DEPLOYMENT_TARGET = 15.2;
				MTL_ENABLE_DEBUG_INFO = NO;
				MTL_FAST_MATH = YES;
				SDKROOT = iphoneos;
				SWIFT_COMPILATION_MODE = wholemodule;
				SWIFT_OPTIMIZATION_LEVEL = "-O";
				VALIDATE_PRODUCT = YES;
			};
			name = Release;
		};
		18A4568029155261005FFF2C /* Debug */ = {
			isa = XCBuildConfiguration;
			buildSettings = {
				ASSETCATALOG_COMPILER_APPICON_NAME = AppIcon;
				ASSETCATALOG_COMPILER_GLOBAL_ACCENT_COLOR_NAME = AccentColor;
				CODE_SIGN_STYLE = Automatic;
				CURRENT_PROJECT_VERSION = 1;
				DEVELOPMENT_ASSET_PATHS = "\"UIKadai1chayamada/Preview Content\"";
				DEVELOPMENT_TEAM = D2U85G9H4F;
				ENABLE_PREVIEWS = YES;
				GENERATE_INFOPLIST_FILE = YES;
				INFOPLIST_KEY_UIApplicationSceneManifest_Generation = YES;
				INFOPLIST_KEY_UIApplicationSupportsIndirectInputEvents = YES;
				INFOPLIST_KEY_UILaunchScreen_Generation = YES;
				INFOPLIST_KEY_UISupportedInterfaceOrientations_iPad = "UIInterfaceOrientationPortrait UIInterfaceOrientationPortraitUpsideDown UIInterfaceOrientationLandscapeLeft UIInterfaceOrientationLandscapeRight";
				INFOPLIST_KEY_UISupportedInterfaceOrientations_iPhone = "UIInterfaceOrientationPortrait UIInterfaceOrientationLandscapeLeft UIInterfaceOrientationLandscapeRight";
				LD_RUNPATH_SEARCH_PATHS = (
					"$(inherited)",
					"@executable_path/Frameworks",
				);
				MARKETING_VERSION = 1.0;
				PRODUCT_BUNDLE_IDENTIFIER = toaster.UIKadai1chayamada;
				PRODUCT_NAME = "$(TARGET_NAME)";
				SWIFT_EMIT_LOC_STRINGS = YES;
				SWIFT_VERSION = 5.0;
				TARGETED_DEVICE_FAMILY = "1,2";
			};
			name = Debug;
		};
		18A4568129155261005FFF2C /* Release */ = {
			isa = XCBuildConfiguration;
			buildSettings = {
				ASSETCATALOG_COMPILER_APPICON_NAME = AppIcon;
				ASSETCATALOG_COMPILER_GLOBAL_ACCENT_COLOR_NAME = AccentColor;
				CODE_SIGN_STYLE = Automatic;
				CURRENT_PROJECT_VERSION = 1;
				DEVELOPMENT_ASSET_PATHS = "\"UIKadai1chayamada/Preview Content\"";
				DEVELOPMENT_TEAM = D2U85G9H4F;
				ENABLE_PREVIEWS = YES;
				GENERATE_INFOPLIST_FILE = YES;
				INFOPLIST_KEY_UIApplicationSceneManifest_Generation = YES;
				INFOPLIST_KEY_UIApplicationSupportsIndirectInputEvents = YES;
				INFOPLIST_KEY_UILaunchScreen_Generation = YES;
				INFOPLIST_KEY_UISupportedInterfaceOrientations_iPad = "UIInterfaceOrientationPortrait UIInterfaceOrientationPortraitUpsideDown UIInterfaceOrientationLandscapeLeft UIInterfaceOrientationLandscapeRight";
				INFOPLIST_KEY_UISupportedInterfaceOrientations_iPhone = "UIInterfaceOrientationPortrait UIInterfaceOrientationLandscapeLeft UIInterfaceOrientationLandscapeRight";
				LD_RUNPATH_SEARCH_PATHS = (
					"$(inherited)",
					"@executable_path/Frameworks",
				);
				MARKETING_VERSION = 1.0;
				PRODUCT_BUNDLE_IDENTIFIER = toaster.UIKadai1chayamada;
				PRODUCT_NAME = "$(TARGET_NAME)";
				SWIFT_EMIT_LOC_STRINGS = YES;
				SWIFT_VERSION = 5.0;
				TARGETED_DEVICE_FAMILY = "1,2";
			};
			name = Release;
		};
		18A4568329155261005FFF2C /* Debug */ = {
			isa = XCBuildConfiguration;
			buildSettings = {
				ALWAYS_EMBED_SWIFT_STANDARD_LIBRARIES = YES;
				BUNDLE_LOADER = "$(TEST_HOST)";
				CODE_SIGN_STYLE = Automatic;
				CURRENT_PROJECT_VERSION = 1;
				DEVELOPMENT_TEAM = D2U85G9H4F;
				GENERATE_INFOPLIST_FILE = YES;
				IPHONEOS_DEPLOYMENT_TARGET = 15.2;
				MARKETING_VERSION = 1.0;
				PRODUCT_BUNDLE_IDENTIFIER = toaster.UIKadai1chayamadaTests;
				PRODUCT_NAME = "$(TARGET_NAME)";
				SWIFT_EMIT_LOC_STRINGS = NO;
				SWIFT_VERSION = 5.0;
				TARGETED_DEVICE_FAMILY = "1,2";
				TEST_HOST = "$(BUILT_PRODUCTS_DIR)/UIKadai1chayamada.app/UIKadai1chayamada";
			};
			name = Debug;
		};
		18A4568429155261005FFF2C /* Release */ = {
			isa = XCBuildConfiguration;
			buildSettings = {
				ALWAYS_EMBED_SWIFT_STANDARD_LIBRARIES = YES;
				BUNDLE_LOADER = "$(TEST_HOST)";
				CODE_SIGN_STYLE = Automatic;
				CURRENT_PROJECT_VERSION = 1;
				DEVELOPMENT_TEAM = D2U85G9H4F;
				GENERATE_INFOPLIST_FILE = YES;
				IPHONEOS_DEPLOYMENT_TARGET = 15.2;
				MARKETING_VERSION = 1.0;
				PRODUCT_BUNDLE_IDENTIFIER = toaster.UIKadai1chayamadaTests;
				PRODUCT_NAME = "$(TARGET_NAME)";
				SWIFT_EMIT_LOC_STRINGS = NO;
				SWIFT_VERSION = 5.0;
				TARGETED_DEVICE_FAMILY = "1,2";
				TEST_HOST = "$(BUILT_PRODUCTS_DIR)/UIKadai1chayamada.app/UIKadai1chayamada";
			};
			name = Release;
		};
		18A4568629155261005FFF2C /* Debug */ = {
			isa = XCBuildConfiguration;
			buildSettings = {
				ALWAYS_EMBED_SWIFT_STANDARD_LIBRARIES = YES;
				CODE_SIGN_STYLE = Automatic;
				CURRENT_PROJECT_VERSION = 1;
				DEVELOPMENT_TEAM = D2U85G9H4F;
				GENERATE_INFOPLIST_FILE = YES;
				MARKETING_VERSION = 1.0;
				PRODUCT_BUNDLE_IDENTIFIER = toaster.UIKadai1chayamadaUITests;
				PRODUCT_NAME = "$(TARGET_NAME)";
				SWIFT_EMIT_LOC_STRINGS = NO;
				SWIFT_VERSION = 5.0;
				TARGETED_DEVICE_FAMILY = "1,2";
				TEST_TARGET_NAME = UIKadai1chayamada;
			};
			name = Debug;
		};
		18A4568729155261005FFF2C /* Release */ = {
			isa = XCBuildConfiguration;
			buildSettings = {
				ALWAYS_EMBED_SWIFT_STANDARD_LIBRARIES = YES;
				CODE_SIGN_STYLE = Automatic;
				CURRENT_PROJECT_VERSION = 1;
				DEVELOPMENT_TEAM = D2U85G9H4F;
				GENERATE_INFOPLIST_FILE = YES;
				MARKETING_VERSION = 1.0;
				PRODUCT_BUNDLE_IDENTIFIER = toaster.UIKadai1chayamadaUITests;
				PRODUCT_NAME = "$(TARGET_NAME)";
				SWIFT_EMIT_LOC_STRINGS = NO;
				SWIFT_VERSION = 5.0;
				TARGETED_DEVICE_FAMILY = "1,2";
				TEST_TARGET_NAME = UIKadai1chayamada;
			};
			name = Release;
		};
/* End XCBuildConfiguration section */

/* Begin XCConfigurationList section */
		18A4565629155260005FFF2C /* Build configuration list for PBXProject "UIKadai1chayamada" */ = {
			isa = XCConfigurationList;
			buildConfigurations = (
				18A4567D29155261005FFF2C /* Debug */,
				18A4567E29155261005FFF2C /* Release */,
			);
			defaultConfigurationIsVisible = 0;
			defaultConfigurationName = Release;
		};
		18A4567F29155261005FFF2C /* Build configuration list for PBXNativeTarget "UIKadai1chayamada" */ = {
			isa = XCConfigurationList;
			buildConfigurations = (
				18A4568029155261005FFF2C /* Debug */,
				18A4568129155261005FFF2C /* Release */,
			);
			defaultConfigurationIsVisible = 0;
			defaultConfigurationName = Release;
		};
		18A4568229155261005FFF2C /* Build configuration list for PBXNativeTarget "UIKadai1chayamadaTests" */ = {
			isa = XCConfigurationList;
			buildConfigurations = (
				18A4568329155261005FFF2C /* Debug */,
				18A4568429155261005FFF2C /* Release */,
			);
			defaultConfigurationIsVisible = 0;
			defaultConfigurationName = Release;
		};
		18A4568529155261005FFF2C /* Build configuration list for PBXNativeTarget "UIKadai1chayamadaUITests" */ = {
			isa = XCConfigurationList;
			buildConfigurations = (
				18A4568629155261005FFF2C /* Debug */,
				18A4568729155261005FFF2C /* Release */,
			);
			defaultConfigurationIsVisible = 0;
			defaultConfigurationName = Release;
		};
/* End XCConfigurationList section */
	};
	rootObject = 18A4565329155260005FFF2C /* Project object */;
}
